// !$*UTF8*$!
{
	archiveVersion = 1;
	classes = {
	};
	objectVersion = 50;
	objects = {

/* Begin PBXBuildFile section */
		81C0FEFA224C18F600D5E0EE /* AppDelegate.swift in Sources */ = {isa = PBXBuildFile; fileRef = 81C0FEF9224C18F600D5E0EE /* AppDelegate.swift */; };
		81C0FEFC224C18F600D5E0EE /* ViewController.swift in Sources */ = {isa = PBXBuildFile; fileRef = 81C0FEFB224C18F600D5E0EE /* ViewController.swift */; };
		81C0FEFF224C18F600D5E0EE /* Main.storyboard in Resources */ = {isa = PBXBuildFile; fileRef = 81C0FEFD224C18F600D5E0EE /* Main.storyboard */; };
		81C0FF01224C18F600D5E0EE /* Assets.xcassets in Resources */ = {isa = PBXBuildFile; fileRef = 81C0FF00224C18F600D5E0EE /* Assets.xcassets */; };
		81C0FF04224C18F600D5E0EE /* LaunchScreen.storyboard in Resources */ = {isa = PBXBuildFile; fileRef = 81C0FF02224C18F600D5E0EE /* LaunchScreen.storyboard */; };
		F514AC4E32BE2CFCF6576483 /* Pods_RxErrors.framework in Frameworks */ = {isa = PBXBuildFile; fileRef = B89510864CE36EBD8F50481B /* Pods_RxErrors.framework */; };
/* End PBXBuildFile section */

/* Begin PBXFileReference section */
		25A93DF4E36FBC74275E7E3D /* Pods-RxErrors.release.xcconfig */ = {isa = PBXFileReference; includeInIndex = 1; lastKnownFileType = text.xcconfig; name = "Pods-RxErrors.release.xcconfig"; path = "Target Support Files/Pods-RxErrors/Pods-RxErrors.release.xcconfig"; sourceTree = "<group>"; };
		81C0FEF6224C18F500D5E0EE /* RxErrors.app */ = {isa = PBXFileReference; explicitFileType = wrapper.application; includeInIndex = 0; path = RxErrors.app; sourceTree = BUILT_PRODUCTS_DIR; };
		81C0FEF9224C18F600D5E0EE /* AppDelegate.swift */ = {isa = PBXFileReference; lastKnownFileType = sourcecode.swift; path = AppDelegate.swift; sourceTree = "<group>"; };
		81C0FEFB224C18F600D5E0EE /* ViewController.swift */ = {isa = PBXFileReference; lastKnownFileType = sourcecode.swift; path = ViewController.swift; sourceTree = "<group>"; };
		81C0FEFE224C18F600D5E0EE /* Base */ = {isa = PBXFileReference; lastKnownFileType = file.storyboard; name = Base; path = Base.lproj/Main.storyboard; sourceTree = "<group>"; };
		81C0FF00224C18F600D5E0EE /* Assets.xcassets */ = {isa = PBXFileReference; lastKnownFileType = folder.assetcatalog; path = Assets.xcassets; sourceTree = "<group>"; };
		81C0FF03224C18F600D5E0EE /* Base */ = {isa = PBXFileReference; lastKnownFileType = file.storyboard; name = Base; path = Base.lproj/LaunchScreen.storyboard; sourceTree = "<group>"; };
		81C0FF05224C18F600D5E0EE /* Info.plist */ = {isa = PBXFileReference; lastKnownFileType = text.plist.xml; path = Info.plist; sourceTree = "<group>"; };
		B89510864CE36EBD8F50481B /* Pods_RxErrors.framework */ = {isa = PBXFileReference; explicitFileType = wrapper.framework; includeInIndex = 0; path = Pods_RxErrors.framework; sourceTree = BUILT_PRODUCTS_DIR; };
		B9975A8460C40A65D3B22659 /* Pods-RxErrors.debug.xcconfig */ = {isa = PBXFileReference; includeInIndex = 1; lastKnownFileType = text.xcconfig; name = "Pods-RxErrors.debug.xcconfig"; path = "Target Support Files/Pods-RxErrors/Pods-RxErrors.debug.xcconfig"; sourceTree = "<group>"; };
/* End PBXFileReference section */

/* Begin PBXFrameworksBuildPhase section */
		81C0FEF3224C18F500D5E0EE /* Frameworks */ = {
			isa = PBXFrameworksBuildPhase;
			buildActionMask = 2147483647;
			files = (
				F514AC4E32BE2CFCF6576483 /* Pods_RxErrors.framework in Frameworks */,
			);
			runOnlyForDeploymentPostprocessing = 0;
		};
/* End PBXFrameworksBuildPhase section */

/* Begin PBXGroup section */
		1AEB0D263BC22ADE0AD4D8CE /* Pods */ = {
			isa = PBXGroup;
			children = (
				B9975A8460C40A65D3B22659 /* Pods-RxErrors.debug.xcconfig */,
				25A93DF4E36FBC74275E7E3D /* Pods-RxErrors.release.xcconfig */,
			);
			name = Pods;
			path = RxErrors/Pods;
			sourceTree = "<group>";
		};
		81C0FEED224C18F500D5E0EE = {
			isa = PBXGroup;
			children = (
				81C0FEF8224C18F500D5E0EE /* RxErrors */,
				81C0FEF7224C18F500D5E0EE /* Products */,
				1AEB0D263BC22ADE0AD4D8CE /* Pods */,
				E680985CF8E03A649BFCF750 /* Frameworks */,
			);
			sourceTree = "<group>";
		};
		81C0FEF7224C18F500D5E0EE /* Products */ = {
			isa = PBXGroup;
			children = (
				81C0FEF6224C18F500D5E0EE /* RxErrors.app */,
			);
			name = Products;
			sourceTree = "<group>";
		};
		81C0FEF8224C18F500D5E0EE /* RxErrors */ = {
			isa = PBXGroup;
			children = (
				81C0FEF9224C18F600D5E0EE /* AppDelegate.swift */,
				81C0FEFB224C18F600D5E0EE /* ViewController.swift */,
				81C0FEFD224C18F600D5E0EE /* Main.storyboard */,
				81C0FF00224C18F600D5E0EE /* Assets.xcassets */,
				81C0FF02224C18F600D5E0EE /* LaunchScreen.storyboard */,
				81C0FF05224C18F600D5E0EE /* Info.plist */,
			);
			path = RxErrors;
			sourceTree = "<group>";
		};
		E680985CF8E03A649BFCF750 /* Frameworks */ = {
			isa = PBXGroup;
			children = (
				B89510864CE36EBD8F50481B /* Pods_RxErrors.framework */,
			);
			name = Frameworks;
			sourceTree = "<group>";
		};
/* End PBXGroup section */

/* Begin PBXNativeTarget section */
		81C0FEF5224C18F500D5E0EE /* RxErrors */ = {
			isa = PBXNativeTarget;
			buildConfigurationList = 81C0FF08224C18F600D5E0EE /* Build configuration list for PBXNativeTarget "RxErrors" */;
			buildPhases = (
				26B650A9516E8883D1FCF819 /* [CP] Check Pods Manifest.lock */,
				81C0FEF2224C18F500D5E0EE /* Sources */,
				81C0FEF3224C18F500D5E0EE /* Frameworks */,
				81C0FEF4224C18F500D5E0EE /* Resources */,
				581C61D1F035C612680BEE7A /* [CP] Embed Pods Frameworks */,
			);
			buildRules = (
			);
			dependencies = (
			);
			name = RxErrors;
			productName = RxErrors;
			productReference = 81C0FEF6224C18F500D5E0EE /* RxErrors.app */;
			productType = "com.apple.product-type.application";
		};
/* End PBXNativeTarget section */

/* Begin PBXProject section */
		81C0FEEE224C18F500D5E0EE /* Project object */ = {
			isa = PBXProject;
			attributes = {
				LastSwiftUpdateCheck = 1010;
				LastUpgradeCheck = 1010;
				ORGANIZATIONNAME = "Juanjo Ramos Rodriguez";
				TargetAttributes = {
					81C0FEF5224C18F500D5E0EE = {
						CreatedOnToolsVersion = 10.1;
					};
				};
			};
			buildConfigurationList = 81C0FEF1224C18F500D5E0EE /* Build configuration list for PBXProject "RxErrors" */;
			compatibilityVersion = "Xcode 9.3";
			developmentRegion = en;
			hasScannedForEncodings = 0;
			knownRegions = (
				en,
				Base,
			);
			mainGroup = 81C0FEED224C18F500D5E0EE;
			productRefGroup = 81C0FEF7224C18F500D5E0EE /* Products */;
			projectDirPath = "";
			projectRoot = "";
			targets = (
				81C0FEF5224C18F500D5E0EE /* RxErrors */,
			);
		};
/* End PBXProject section */

/* Begin PBXResourcesBuildPhase section */
		81C0FEF4224C18F500D5E0EE /* Resources */ = {
			isa = PBXResourcesBuildPhase;
			buildActionMask = 2147483647;
			files = (
				81C0FF04224C18F600D5E0EE /* LaunchScreen.storyboard in Resources */,
				81C0FF01224C18F600D5E0EE /* Assets.xcassets in Resources */,
				81C0FEFF224C18F600D5E0EE /* Main.storyboard in Resources */,
			);
			runOnlyForDeploymentPostprocessing = 0;
		};
/* End PBXResourcesBuildPhase section */

/* Begin PBXShellScriptBuildPhase section */
		26B650A9516E8883D1FCF819 /* [CP] Check Pods Manifest.lock */ = {
			isa = PBXShellScriptBuildPhase;
			buildActionMask = 2147483647;
			files = (
			);
			inputFileListPaths = (
			);
			inputPaths = (
				"${PODS_PODFILE_DIR_PATH}/Podfile.lock",
				"${PODS_ROOT}/Manifest.lock",
			);
			name = "[CP] Check Pods Manifest.lock";
			outputFileListPaths = (
			);
			outputPaths = (
				"$(DERIVED_FILE_DIR)/Pods-RxErrors-checkManifestLockResult.txt",
			);
			runOnlyForDeploymentPostprocessing = 0;
			shellPath = /bin/sh;
			shellScript = "diff \"${PODS_PODFILE_DIR_PATH}/Podfile.lock\" \"${PODS_ROOT}/Manifest.lock\" > /dev/null\nif [ $? != 0 ] ; then\n    # print error to STDERR\n    echo \"error: The sandbox is not in sync with the Podfile.lock. Run 'pod install' or update your CocoaPods installation.\" >&2\n    exit 1\nfi\n# This output is used by Xcode 'outputs' to avoid re-running this script phase.\necho \"SUCCESS\" > \"${SCRIPT_OUTPUT_FILE_0}\"\n";
			showEnvVarsInLog = 0;
		};
		581C61D1F035C612680BEE7A /* [CP] Embed Pods Frameworks */ = {
			isa = PBXShellScriptBuildPhase;
			buildActionMask = 2147483647;
			files = (
			);
			inputFileListPaths = (
			);
			inputPaths = (
				"${PODS_ROOT}/Target Support Files/Pods-RxErrors/Pods-RxErrors-frameworks.sh",
				"${BUILT_PRODUCTS_DIR}/RxAtomic/RxAtomic.framework",
				"${BUILT_PRODUCTS_DIR}/RxCocoa/RxCocoa.framework",
				"${BUILT_PRODUCTS_DIR}/RxSwift/RxSwift.framework",
				"${BUILT_PRODUCTS_DIR}/RxSwiftExt/RxSwiftExt.framework",
			);
			name = "[CP] Embed Pods Frameworks";
			outputFileListPaths = (
			);
			outputPaths = (
				"${TARGET_BUILD_DIR}/${FRAMEWORKS_FOLDER_PATH}/RxAtomic.framework",
				"${TARGET_BUILD_DIR}/${FRAMEWORKS_FOLDER_PATH}/RxCocoa.framework",
				"${TARGET_BUILD_DIR}/${FRAMEWORKS_FOLDER_PATH}/RxSwift.framework",
				"${TARGET_BUILD_DIR}/${FRAMEWORKS_FOLDER_PATH}/RxSwiftExt.framework",
			);
			runOnlyForDeploymentPostprocessing = 0;
			shellPath = /bin/sh;
			shellScript = "\"${PODS_ROOT}/Target Support Files/Pods-RxErrors/Pods-RxErrors-frameworks.sh\"\n";
			showEnvVarsInLog = 0;
		};
/* End PBXShellScriptBuildPhase section */

/* Begin PBXSourcesBuildPhase section */
		81C0FEF2224C18F500D5E0EE /* Sources */ = {
			isa = PBXSourcesBuildPhase;
			buildActionMask = 2147483647;
			files = (
				81C0FEFC224C18F600D5E0EE /* ViewController.swift in Sources */,
				81C0FEFA224C18F600D5E0EE /* AppDelegate.swift in Sources */,
			);
			runOnlyForDeploymentPostprocessing = 0;
		};
/* End PBXSourcesBuildPhase section */

/* Begin PBXVariantGroup section */
		81C0FEFD224C18F600D5E0EE /* Main.storyboard */ = {
			isa = PBXVariantGroup;
			children = (
				81C0FEFE224C18F600D5E0EE /* Base */,
			);
			name = Main.storyboard;
			sourceTree = "<group>";
		};
		81C0FF02224C18F600D5E0EE /* LaunchScreen.storyboard */ = {
			isa = PBXVariantGroup;
			children = (
				81C0FF03224C18F600D5E0EE /* Base */,
			);
			name = LaunchScreen.storyboard;
			sourceTree = "<group>";
		};
/* End PBXVariantGroup section */

/* Begin XCBuildConfiguration section */
		81C0FF06224C18F600D5E0EE /* Debug */ = {
			isa = XCBuildConfiguration;
			buildSettings = {
				ALWAYS_SEARCH_USER_PATHS = NO;
				CLANG_ANALYZER_NONNULL = YES;
				CLANG_ANALYZER_NUMBER_OBJECT_CONVERSION = YES_AGGRESSIVE;
				CLANG_CXX_LANGUAGE_STANDARD = "gnu++14";
				CLANG_CXX_LIBRARY = "libc++";
				CLANG_ENABLE_MODULES = YES;
				CLANG_ENABLE_OBJC_ARC = YES;
				CLANG_ENABLE_OBJC_WEAK = YES;
				CLANG_WARN_BLOCK_CAPTURE_AUTORELEASING = YES;
				CLANG_WARN_BOOL_CONVERSION = YES;
				CLANG_WARN_COMMA = YES;
				CLANG_WARN_CONSTANT_CONVERSION = YES;
				CLANG_WARN_DEPRECATED_OBJC_IMPLEMENTATIONS = YES;
				CLANG_WARN_DIRECT_OBJC_ISA_USAGE = YES_ERROR;
				CLANG_WARN_DOCUMENTATION_COMMENTS = YES;
				CLANG_WARN_EMPTY_BODY = YES;
				CLANG_WARN_ENUM_CONVERSION = YES;
				CLANG_WARN_INFINITE_RECURSION = YES;
				CLANG_WARN_INT_CONVERSION = YES;
				CLANG_WARN_NON_LITERAL_NULL_CONVERSION = YES;
				CLANG_WARN_OBJC_IMPLICIT_RETAIN_SELF = YES;
				CLANG_WARN_OBJC_LITERAL_CONVERSION = YES;
				CLANG_WARN_OBJC_ROOT_CLASS = YES_ERROR;
				CLANG_WARN_RANGE_LOOP_ANALYSIS = YES;
				CLANG_WARN_STRICT_PROTOTYPES = YES;
				CLANG_WARN_SUSPICIOUS_MOVE = YES;
				CLANG_WARN_UNGUARDED_AVAILABILITY = YES_AGGRESSIVE;
				CLANG_WARN_UNREACHABLE_CODE = YES;
				CLANG_WARN__DUPLICATE_METHOD_MATCH = YES;
				CODE_SIGN_IDENTITY = "iPhone Developer";
				COPY_PHASE_STRIP = NO;
				DEBUG_INFORMATION_FORMAT = dwarf;
				ENABLE_STRICT_OBJC_MSGSEND = YES;
				ENABLE_TESTABILITY = YES;
				GCC_C_LANGUAGE_STANDARD = gnu11;
				GCC_DYNAMIC_NO_PIC = NO;
				GCC_NO_COMMON_BLOCKS = YES;
				GCC_OPTIMIZATION_LEVEL = 0;
				GCC_PREPROCESSOR_DEFINITIONS = (
					"DEBUG=1",
					"$(inherited)",
				);
				GCC_WARN_64_TO_32_BIT_CONVERSION = YES;
				GCC_WARN_ABOUT_RETURN_TYPE = YES_ERROR;
				GCC_WARN_UNDECLARED_SELECTOR = YES;
				GCC_WARN_UNINITIALIZED_AUTOS = YES_AGGRESSIVE;
				GCC_WARN_UNUSED_FUNCTION = YES;
				GCC_WARN_UNUSED_VARIABLE = YES;
				IPHONEOS_DEPLOYMENT_TARGET = 12.1;
				MTL_ENABLE_DEBUG_INFO = INCLUDE_SOURCE;
				MTL_FAST_MATH = YES;
				ONLY_ACTIVE_ARCH = YES;
				SDKROOT = iphoneos;
				SWIFT_ACTIVE_COMPILATION_CONDITIONS = DEBUG;
				SWIFT_OPTIMIZATION_LEVEL = "-Onone";
			};
			name = Debug;
		};
		81C0FF07224C18F600D5E0EE /* Release */ = {
			isa = XCBuildConfiguration;
			buildSettings = {
				ALWAYS_SEARCH_USER_PATHS = NO;
				CLANG_ANALYZER_NONNULL = YES;
				CLANG_ANALYZER_NUMBER_OBJECT_CONVERSION = YES_AGGRESSIVE;
				CLANG_CXX_LANGUAGE_STANDARD = "gnu++14";
				CLANG_CXX_LIBRARY = "libc++";
				CLANG_ENABLE_MODULES = YES;
				CLANG_ENABLE_OBJC_ARC = YES;
				CLANG_ENABLE_OBJC_WEAK = YES;
				CLANG_WARN_BLOCK_CAPTURE_AUTORELEASING = YES;
				CLANG_WARN_BOOL_CONVERSION = YES;
				CLANG_WARN_COMMA = YES;
				CLANG_WARN_CONSTANT_CONVERSION = YES;
				CLANG_WARN_DEPRECATED_OBJC_IMPLEMENTATIONS = YES;
				CLANG_WARN_DIRECT_OBJC_ISA_USAGE = YES_ERROR;
				CLANG_WARN_DOCUMENTATION_COMMENTS = YES;
				CLANG_WARN_EMPTY_BODY = YES;
				CLANG_WARN_ENUM_CONVERSION = YES;
				CLANG_WARN_INFINITE_RECURSION = YES;
				CLANG_WARN_INT_CONVERSION = YES;
				CLANG_WARN_NON_LITERAL_NULL_CONVERSION = YES;
				CLANG_WARN_OBJC_IMPLICIT_RETAIN_SELF = YES;
				CLANG_WARN_OBJC_LITERAL_CONVERSION = YES;
				CLANG_WARN_OBJC_ROOT_CLASS = YES_ERROR;
				CLANG_WARN_RANGE_LOOP_ANALYSIS = YES;
				CLANG_WARN_STRICT_PROTOTYPES = YES;
				CLANG_WARN_SUSPICIOUS_MOVE = YES;
				CLANG_WARN_UNGUARDED_AVAILABILITY = YES_AGGRESSIVE;
				CLANG_WARN_UNREACHABLE_CODE = YES;
				CLANG_WARN__DUPLICATE_METHOD_MATCH = YES;
				CODE_SIGN_IDENTITY = "iPhone Developer";
				COPY_PHASE_STRIP = NO;
				DEBUG_INFORMATION_FORMAT = "dwarf-with-dsym";
				ENABLE_NS_ASSERTIONS = NO;
				ENABLE_STRICT_OBJC_MSGSEND = YES;
				GCC_C_LANGUAGE_STANDARD = gnu11;
				GCC_NO_COMMON_BLOCKS = YES;
				GCC_WARN_64_TO_32_BIT_CONVERSION = YES;
				GCC_WARN_ABOUT_RETURN_TYPE = YES_ERROR;
				GCC_WARN_UNDECLARED_SELECTOR = YES;
				GCC_WARN_UNINITIALIZED_AUTOS = YES_AGGRESSIVE;
				GCC_WARN_UNUSED_FUNCTION = YES;
				GCC_WARN_UNUSED_VARIABLE = YES;
				IPHONEOS_DEPLOYMENT_TARGET = 12.1;
				MTL_ENABLE_DEBUG_INFO = NO;
				MTL_FAST_MATH = YES;
				SDKROOT = iphoneos;
				SWIFT_COMPILATION_MODE = wholemodule;
				SWIFT_OPTIMIZATION_LEVEL = "-O";
				VALIDATE_PRODUCT = YES;
			};
			name = Release;
		};
		81C0FF09224C18F600D5E0EE /* Debug */ = {
			isa = XCBuildConfiguration;
			baseConfigurationReference = B9975A8460C40A65D3B22659 /* Pods-RxErrors.debug.xcconfig */;
			buildSettings = {
				ASSETCATALOG_COMPILER_APPICON_NAME = AppIcon;
				CODE_SIGN_STYLE = Automatic;
				DEVELOPMENT_TEAM = KSYKNDPR94;
				INFOPLIST_FILE = RxErrors/Info.plist;
				LD_RUNPATH_SEARCH_PATHS = (
					"$(inherited)",
					"@executable_path/Frameworks",
				);
				PRODUCT_BUNDLE_IDENTIFIER = com.jjr.RxErrors;
				PRODUCT_NAME = "$(TARGET_NAME)";
				SWIFT_VERSION = 4.2;
				TARGETED_DEVICE_FAMILY = "1,2";
			};
			name = Debug;
		};
		81C0FF0A224C18F600D5E0EE /* Release */ = {
			isa = XCBuildConfiguration;
			baseConfigurationReference = 25A93DF4E36FBC74275E7E3D /* Pods-RxErrors.release.xcconfig */;
			buildSettings = {
				ASSETCATALOG_COMPILER_APPICON_NAME = AppIcon;
				CODE_SIGN_STYLE = Automatic;
				DEVELOPMENT_TEAM = KSYKNDPR94;
				INFOPLIST_FILE = RxErrors/Info.plist;
				LD_RUNPATH_SEARCH_PATHS = (
					"$(inherited)",
					"@executable_path/Frameworks",
				);
				PRODUCT_BUNDLE_IDENTIFIER = com.jjr.RxErrors;
				PRODUCT_NAME = "$(TARGET_NAME)";
				SWIFT_VERSION = 4.2;
				TARGETED_DEVICE_FAMILY = "1,2";
			};
			name = Release;
		};
/* End XCBuildConfiguration section */

/* Begin XCConfigurationList section */
		81C0FEF1224C18F500D5E0EE /* Build configuration list for PBXProject "RxErrors" */ = {
			isa = XCConfigurationList;
			buildConfigurations = (
				81C0FF06224C18F600D5E0EE /* Debug */,
				81C0FF07224C18F600D5E0EE /* Release */,
			);
			defaultConfigurationIsVisible = 0;
			defaultConfigurationName = Release;
		};
		81C0FF08224C18F600D5E0EE /* Build configuration list for PBXNativeTarget "RxErrors" */ = {
			isa = XCConfigurationList;
			buildConfigurations = (
				81C0FF09224C18F600D5E0EE /* Debug */,
				81C0FF0A224C18F600D5E0EE /* Release */,
			);
			defaultConfigurationIsVisible = 0;
			defaultConfigurationName = Release;
		};
/* End XCConfigurationList section */
	};
	rootObject = 81C0FEEE224C18F500D5E0EE /* Project object */;
}
